
Microsoft Visual Studio Solution File, Format Version 12.00
# Visual Studio 14
VisualStudioVersion = 14.0.25123.0
MinimumVisualStudioVersion = 10.0.40219.1
Project("{FAE04EC0-301F-11D3-BF4B-00C04F79EFBC}") = "Carniceria.DATOS", "Carniceria.DATOS\Carniceria.DATOS.csproj", "{3F25C492-73E5-4AEF-B357-7BE9DE255AF4}"
EndProject
Project("{FAE04EC0-301F-11D3-BF4B-00C04F79EFBC}") = "Carniceria.BL", "Carniceria.BL\Carniceria.BL.csproj", "{F996A4EE-AE40-4024-A532-68365789B217}"
EndProject
Project("{FAE04EC0-301F-11D3-BF4B-00C04F79EFBC}") = "Carniceria.DS", "Carniceria.DS\Carniceria.DS.csproj", "{40CCA86D-E85F-40BE-896C-3A92F38DD705}"
EndProject
Project("{FAE04EC0-301F-11D3-BF4B-00C04F79EFBC}") = "Carniceria.UI", "Carniceria.UI\Carniceria.UI.csproj", "{C26312DA-69F6-40FB-A660-3EA973AECFE6}"
EndProject
Global
	GlobalSection(SolutionConfigurationPlatforms) = preSolution
		Debug|Any CPU = Debug|Any CPU
		Release|Any CPU = Release|Any CPU
	EndGlobalSection
	GlobalSection(ProjectConfigurationPlatforms) = postSolution
		{3F25C492-73E5-4AEF-B357-7BE9DE255AF4}.Debug|Any CPU.ActiveCfg = Debug|Any CPU
		{3F25C492-73E5-4AEF-B357-7BE9DE255AF4}.Debug|Any CPU.Build.0 = Debug|Any CPU
		{3F25C492-73E5-4AEF-B357-7BE9DE255AF4}.Release|Any CPU.ActiveCfg = Release|Any CPU
		{3F25C492-73E5-4AEF-B357-7BE9DE255AF4}.Release|Any CPU.Build.0 = Release|Any CPU
		{F996A4EE-AE40-4024-A532-68365789B217}.Debug|Any CPU.ActiveCfg = Debug|Any CPU
		{F996A4EE-AE40-4024-A532-68365789B217}.Debug|Any CPU.Build.0 = Debug|Any CPU
		{F996A4EE-AE40-4024-A532-68365789B217}.Release|Any CPU.ActiveCfg = Release|Any CPU
		{F996A4EE-AE40-4024-A532-68365789B217}.Release|Any CPU.Build.0 = Release|Any CPU
		{40CCA86D-E85F-40BE-896C-3A92F38DD705}.Debug|Any CPU.ActiveCfg = Debug|Any CPU
		{40CCA86D-E85F-40BE-896C-3A92F38DD705}.Debug|Any CPU.Build.0 = Debug|Any CPU
		{40CCA86D-E85F-40BE-896C-3A92F38DD705}.Release|Any CPU.ActiveCfg = Release|Any CPU
		{40CCA86D-E85F-40BE-896C-3A92F38DD705}.Release|Any CPU.Build.0 = Release|Any CPU
		{C26312DA-69F6-40FB-A660-3EA973AECFE6}.Debug|Any CPU.ActiveCfg = Debug|Any CPU
		{C26312DA-69F6-40FB-A660-3EA973AECFE6}.Debug|Any CPU.Build.0 = Debug|Any CPU
		{C26312DA-69F6-40FB-A660-3EA973AECFE6}.Release|Any CPU.ActiveCfg = Release|Any CPU
		{C26312DA-69F6-40FB-A660-3EA973AECFE6}.Release|Any CPU.Build.0 = Release|Any CPU
	EndGlobalSection
	GlobalSection(SolutionProperties) = preSolution
		HideSolutionNode = FALSE
	EndGlobalSection
EndGlobal
